// !$*UTF8*$!
{
	archiveVersion = 1;
	classes = {
	};
	objectVersion = 56;
	objects = {

/* Begin PBXBuildFile section */
		653E3D812B0A7D9400B6EC72 /* AppDelegate.swift in Sources */ = {isa = PBXBuildFile; fileRef = 653E3D802B0A7D9400B6EC72 /* AppDelegate.swift */; };
		653E3D832B0A7D9400B6EC72 /* SceneDelegate.swift in Sources */ = {isa = PBXBuildFile; fileRef = 653E3D822B0A7D9400B6EC72 /* SceneDelegate.swift */; };
		653E3D852B0A7D9400B6EC72 /* ViewController.swift in Sources */ = {isa = PBXBuildFile; fileRef = 653E3D842B0A7D9400B6EC72 /* ViewController.swift */; };
		653E3D882B0A7D9400B6EC72 /* Main.storyboard in Resources */ = {isa = PBXBuildFile; fileRef = 653E3D862B0A7D9400B6EC72 /* Main.storyboard */; };
		653E3D8A2B0A7D9500B6EC72 /* Assets.xcassets in Resources */ = {isa = PBXBuildFile; fileRef = 653E3D892B0A7D9500B6EC72 /* Assets.xcassets */; };
		653E3D8D2B0A7D9500B6EC72 /* LaunchScreen.storyboard in Resources */ = {isa = PBXBuildFile; fileRef = 653E3D8B2B0A7D9500B6EC72 /* LaunchScreen.storyboard */; };
		653E3D982B0A7D9500B6EC72 /* RefinementCalculatorTests.swift in Sources */ = {isa = PBXBuildFile; fileRef = 653E3D972B0A7D9500B6EC72 /* RefinementCalculatorTests.swift */; };
		653E3DA22B0A7D9500B6EC72 /* RefinementCalculatorUITests.swift in Sources */ = {isa = PBXBuildFile; fileRef = 653E3DA12B0A7D9500B6EC72 /* RefinementCalculatorUITests.swift */; };
		653E3DA42B0A7D9500B6EC72 /* RefinementCalculatorUITestsLaunchTests.swift in Sources */ = {isa = PBXBuildFile; fileRef = 653E3DA32B0A7D9500B6EC72 /* RefinementCalculatorUITestsLaunchTests.swift */; };
		88BDBDE91BF647342D399F40 /* Pods_RefinementCalculatorTests.framework in Frameworks */ = {isa = PBXBuildFile; fileRef = 0B0559AE86CAD0FDDF00616F /* Pods_RefinementCalculatorTests.framework */; };
		DCBA5767843337E6C8B45E12 /* Pods_RefinementCalculator.framework in Frameworks */ = {isa = PBXBuildFile; fileRef = BCE7699E23E182BF645D7862 /* Pods_RefinementCalculator.framework */; };
		FD188D1D3D1DCAFC1F861D90 /* Pods_RefinementCalculator_RefinementCalculatorUITests.framework in Frameworks */ = {isa = PBXBuildFile; fileRef = 1EEAE86084AB5EB4998346F8 /* Pods_RefinementCalculator_RefinementCalculatorUITests.framework */; };
/* End PBXBuildFile section */

/* Begin PBXContainerItemProxy section */
		653E3D942B0A7D9500B6EC72 /* PBXContainerItemProxy */ = {
			isa = PBXContainerItemProxy;
			containerPortal = 653E3D752B0A7D9400B6EC72 /* Project object */;
			proxyType = 1;
			remoteGlobalIDString = 653E3D7C2B0A7D9400B6EC72;
			remoteInfo = RefinementCalculator;
		};
		653E3D9E2B0A7D9500B6EC72 /* PBXContainerItemProxy */ = {
			isa = PBXContainerItemProxy;
			containerPortal = 653E3D752B0A7D9400B6EC72 /* Project object */;
			proxyType = 1;
			remoteGlobalIDString = 653E3D7C2B0A7D9400B6EC72;
			remoteInfo = RefinementCalculator;
		};
/* End PBXContainerItemProxy section */

/* Begin PBXFileReference section */
		0B0559AE86CAD0FDDF00616F /* Pods_RefinementCalculatorTests.framework */ = {isa = PBXFileReference; explicitFileType = wrapper.framework; includeInIndex = 0; path = Pods_RefinementCalculatorTests.framework; sourceTree = BUILT_PRODUCTS_DIR; };
		1EEAE86084AB5EB4998346F8 /* Pods_RefinementCalculator_RefinementCalculatorUITests.framework */ = {isa = PBXFileReference; explicitFileType = wrapper.framework; includeInIndex = 0; path = Pods_RefinementCalculator_RefinementCalculatorUITests.framework; sourceTree = BUILT_PRODUCTS_DIR; };
		24AD5C97EBB7E10AA2A97BD5 /* Pods-RefinementCalculatorTests.release.xcconfig */ = {isa = PBXFileReference; includeInIndex = 1; lastKnownFileType = text.xcconfig; name = "Pods-RefinementCalculatorTests.release.xcconfig"; path = "Target Support Files/Pods-RefinementCalculatorTests/Pods-RefinementCalculatorTests.release.xcconfig"; sourceTree = "<group>"; };
		3E191D9FE5DFC5D2A8F5C38F /* Pods-RefinementCalculator-RefinementCalculatorUITests.debug.xcconfig */ = {isa = PBXFileReference; includeInIndex = 1; lastKnownFileType = text.xcconfig; name = "Pods-RefinementCalculator-RefinementCalculatorUITests.debug.xcconfig"; path = "Target Support Files/Pods-RefinementCalculator-RefinementCalculatorUITests/Pods-RefinementCalculator-RefinementCalculatorUITests.debug.xcconfig"; sourceTree = "<group>"; };
		53A9E5BAB4772151DEDA4CE2 /* Pods-RefinementCalculator-RefinementCalculatorUITests.release.xcconfig */ = {isa = PBXFileReference; includeInIndex = 1; lastKnownFileType = text.xcconfig; name = "Pods-RefinementCalculator-RefinementCalculatorUITests.release.xcconfig"; path = "Target Support Files/Pods-RefinementCalculator-RefinementCalculatorUITests/Pods-RefinementCalculator-RefinementCalculatorUITests.release.xcconfig"; sourceTree = "<group>"; };
		63AF655EF40CC45AAE878A28 /* Pods-RefinementCalculator.release.xcconfig */ = {isa = PBXFileReference; includeInIndex = 1; lastKnownFileType = text.xcconfig; name = "Pods-RefinementCalculator.release.xcconfig"; path = "Target Support Files/Pods-RefinementCalculator/Pods-RefinementCalculator.release.xcconfig"; sourceTree = "<group>"; };
		653E3D7D2B0A7D9400B6EC72 /* RefinementCalculator.app */ = {isa = PBXFileReference; explicitFileType = wrapper.application; includeInIndex = 0; path = RefinementCalculator.app; sourceTree = BUILT_PRODUCTS_DIR; };
		653E3D802B0A7D9400B6EC72 /* AppDelegate.swift */ = {isa = PBXFileReference; lastKnownFileType = sourcecode.swift; path = AppDelegate.swift; sourceTree = "<group>"; };
		653E3D822B0A7D9400B6EC72 /* SceneDelegate.swift */ = {isa = PBXFileReference; lastKnownFileType = sourcecode.swift; path = SceneDelegate.swift; sourceTree = "<group>"; };
		653E3D842B0A7D9400B6EC72 /* ViewController.swift */ = {isa = PBXFileReference; lastKnownFileType = sourcecode.swift; path = ViewController.swift; sourceTree = "<group>"; };
		653E3D872B0A7D9400B6EC72 /* Base */ = {isa = PBXFileReference; lastKnownFileType = file.storyboard; name = Base; path = Base.lproj/Main.storyboard; sourceTree = "<group>"; };
		653E3D892B0A7D9500B6EC72 /* Assets.xcassets */ = {isa = PBXFileReference; lastKnownFileType = folder.assetcatalog; path = Assets.xcassets; sourceTree = "<group>"; };
		653E3D8C2B0A7D9500B6EC72 /* Base */ = {isa = PBXFileReference; lastKnownFileType = file.storyboard; name = Base; path = Base.lproj/LaunchScreen.storyboard; sourceTree = "<group>"; };
		653E3D8E2B0A7D9500B6EC72 /* Info.plist */ = {isa = PBXFileReference; lastKnownFileType = text.plist.xml; path = Info.plist; sourceTree = "<group>"; };
		653E3D932B0A7D9500B6EC72 /* RefinementCalculatorTests.xctest */ = {isa = PBXFileReference; explicitFileType = wrapper.cfbundle; includeInIndex = 0; path = RefinementCalculatorTests.xctest; sourceTree = BUILT_PRODUCTS_DIR; };
		653E3D972B0A7D9500B6EC72 /* RefinementCalculatorTests.swift */ = {isa = PBXFileReference; lastKnownFileType = sourcecode.swift; path = RefinementCalculatorTests.swift; sourceTree = "<group>"; };
		653E3D9D2B0A7D9500B6EC72 /* RefinementCalculatorUITests.xctest */ = {isa = PBXFileReference; explicitFileType = wrapper.cfbundle; includeInIndex = 0; path = RefinementCalculatorUITests.xctest; sourceTree = BUILT_PRODUCTS_DIR; };
		653E3DA12B0A7D9500B6EC72 /* RefinementCalculatorUITests.swift */ = {isa = PBXFileReference; lastKnownFileType = sourcecode.swift; path = RefinementCalculatorUITests.swift; sourceTree = "<group>"; };
		653E3DA32B0A7D9500B6EC72 /* RefinementCalculatorUITestsLaunchTests.swift */ = {isa = PBXFileReference; lastKnownFileType = sourcecode.swift; path = RefinementCalculatorUITestsLaunchTests.swift; sourceTree = "<group>"; };
		78B787A297E5ECCB38953068 /* Pods-RefinementCalculator.debug.xcconfig */ = {isa = PBXFileReference; includeInIndex = 1; lastKnownFileType = text.xcconfig; name = "Pods-RefinementCalculator.debug.xcconfig"; path = "Target Support Files/Pods-RefinementCalculator/Pods-RefinementCalculator.debug.xcconfig"; sourceTree = "<group>"; };
		BCE7699E23E182BF645D7862 /* Pods_RefinementCalculator.framework */ = {isa = PBXFileReference; explicitFileType = wrapper.framework; includeInIndex = 0; path = Pods_RefinementCalculator.framework; sourceTree = BUILT_PRODUCTS_DIR; };
		FB503676A16737C17AE2AE90 /* Pods-RefinementCalculatorTests.debug.xcconfig */ = {isa = PBXFileReference; includeInIndex = 1; lastKnownFileType = text.xcconfig; name = "Pods-RefinementCalculatorTests.debug.xcconfig"; path = "Target Support Files/Pods-RefinementCalculatorTests/Pods-RefinementCalculatorTests.debug.xcconfig"; sourceTree = "<group>"; };
/* End PBXFileReference section */

/* Begin PBXFrameworksBuildPhase section */
		653E3D7A2B0A7D9400B6EC72 /* Frameworks */ = {
			isa = PBXFrameworksBuildPhase;
			buildActionMask = 2147483647;
			files = (
				DCBA5767843337E6C8B45E12 /* Pods_RefinementCalculator.framework in Frameworks */,
			);
			runOnlyForDeploymentPostprocessing = 0;
		};
		653E3D902B0A7D9500B6EC72 /* Frameworks */ = {
			isa = PBXFrameworksBuildPhase;
			buildActionMask = 2147483647;
			files = (
				88BDBDE91BF647342D399F40 /* Pods_RefinementCalculatorTests.framework in Frameworks */,
			);
			runOnlyForDeploymentPostprocessing = 0;
		};
		653E3D9A2B0A7D9500B6EC72 /* Frameworks */ = {
			isa = PBXFrameworksBuildPhase;
			buildActionMask = 2147483647;
			files = (
				FD188D1D3D1DCAFC1F861D90 /* Pods_RefinementCalculator_RefinementCalculatorUITests.framework in Frameworks */,
			);
			runOnlyForDeploymentPostprocessing = 0;
		};
/* End PBXFrameworksBuildPhase section */

/* Begin PBXGroup section */
		653E3D742B0A7D9400B6EC72 = {
			isa = PBXGroup;
			children = (
				653E3D7F2B0A7D9400B6EC72 /* RefinementCalculator */,
				653E3D962B0A7D9500B6EC72 /* RefinementCalculatorTests */,
				653E3DA02B0A7D9500B6EC72 /* RefinementCalculatorUITests */,
				653E3D7E2B0A7D9400B6EC72 /* Products */,
				65A9FD6F92B39503D0E12A5D /* Pods */,
				BB95EB60E528C6E6C66B7816 /* Frameworks */,
			);
			sourceTree = "<group>";
		};
		653E3D7E2B0A7D9400B6EC72 /* Products */ = {
			isa = PBXGroup;
			children = (
				653E3D7D2B0A7D9400B6EC72 /* RefinementCalculator.app */,
				653E3D932B0A7D9500B6EC72 /* RefinementCalculatorTests.xctest */,
				653E3D9D2B0A7D9500B6EC72 /* RefinementCalculatorUITests.xctest */,
			);
			name = Products;
			sourceTree = "<group>";
		};
		653E3D7F2B0A7D9400B6EC72 /* RefinementCalculator */ = {
			isa = PBXGroup;
			children = (
				653E3D802B0A7D9400B6EC72 /* AppDelegate.swift */,
				653E3D822B0A7D9400B6EC72 /* SceneDelegate.swift */,
				653E3D842B0A7D9400B6EC72 /* ViewController.swift */,
				653E3D862B0A7D9400B6EC72 /* Main.storyboard */,
				653E3D892B0A7D9500B6EC72 /* Assets.xcassets */,
				653E3D8B2B0A7D9500B6EC72 /* LaunchScreen.storyboard */,
				653E3D8E2B0A7D9500B6EC72 /* Info.plist */,
			);
			path = RefinementCalculator;
			sourceTree = "<group>";
		};
		653E3D962B0A7D9500B6EC72 /* RefinementCalculatorTests */ = {
			isa = PBXGroup;
			children = (
				653E3D972B0A7D9500B6EC72 /* RefinementCalculatorTests.swift */,
			);
			path = RefinementCalculatorTests;
			sourceTree = "<group>";
		};
		653E3DA02B0A7D9500B6EC72 /* RefinementCalculatorUITests */ = {
			isa = PBXGroup;
			children = (
				653E3DA12B0A7D9500B6EC72 /* RefinementCalculatorUITests.swift */,
				653E3DA32B0A7D9500B6EC72 /* RefinementCalculatorUITestsLaunchTests.swift */,
			);
			path = RefinementCalculatorUITests;
			sourceTree = "<group>";
		};
		65A9FD6F92B39503D0E12A5D /* Pods */ = {
			isa = PBXGroup;
			children = (
				78B787A297E5ECCB38953068 /* Pods-RefinementCalculator.debug.xcconfig */,
				63AF655EF40CC45AAE878A28 /* Pods-RefinementCalculator.release.xcconfig */,
				3E191D9FE5DFC5D2A8F5C38F /* Pods-RefinementCalculator-RefinementCalculatorUITests.debug.xcconfig */,
				53A9E5BAB4772151DEDA4CE2 /* Pods-RefinementCalculator-RefinementCalculatorUITests.release.xcconfig */,
				FB503676A16737C17AE2AE90 /* Pods-RefinementCalculatorTests.debug.xcconfig */,
				24AD5C97EBB7E10AA2A97BD5 /* Pods-RefinementCalculatorTests.release.xcconfig */,
			);
			name = Pods;
			path = Pods;
			sourceTree = "<group>";
		};
		BB95EB60E528C6E6C66B7816 /* Frameworks */ = {
			isa = PBXGroup;
			children = (
				BCE7699E23E182BF645D7862 /* Pods_RefinementCalculator.framework */,
				1EEAE86084AB5EB4998346F8 /* Pods_RefinementCalculator_RefinementCalculatorUITests.framework */,
				0B0559AE86CAD0FDDF00616F /* Pods_RefinementCalculatorTests.framework */,
			);
			name = Frameworks;
			sourceTree = "<group>";
		};
/* End PBXGroup section */

/* Begin PBXNativeTarget section */
		653E3D7C2B0A7D9400B6EC72 /* RefinementCalculator */ = {
			isa = PBXNativeTarget;
			buildConfigurationList = 653E3DA72B0A7D9500B6EC72 /* Build configuration list for PBXNativeTarget "RefinementCalculator" */;
			buildPhases = (
				94595C266D7B496AC75D8DFF /* [CP] Check Pods Manifest.lock */,
				653E3D792B0A7D9400B6EC72 /* Sources */,
				653E3D7A2B0A7D9400B6EC72 /* Frameworks */,
				653E3D7B2B0A7D9400B6EC72 /* Resources */,
			);
			buildRules = (
			);
			dependencies = (
			);
			name = RefinementCalculator;
			productName = RefinementCalculator;
			productReference = 653E3D7D2B0A7D9400B6EC72 /* RefinementCalculator.app */;
			productType = "com.apple.product-type.application";
		};
		653E3D922B0A7D9500B6EC72 /* RefinementCalculatorTests */ = {
			isa = PBXNativeTarget;
			buildConfigurationList = 653E3DAA2B0A7D9500B6EC72 /* Build configuration list for PBXNativeTarget "RefinementCalculatorTests" */;
			buildPhases = (
				5D94556A1E8008B94CB1F103 /* [CP] Check Pods Manifest.lock */,
				653E3D8F2B0A7D9500B6EC72 /* Sources */,
				653E3D902B0A7D9500B6EC72 /* Frameworks */,
				653E3D912B0A7D9500B6EC72 /* Resources */,
			);
			buildRules = (
			);
			dependencies = (
				653E3D952B0A7D9500B6EC72 /* PBXTargetDependency */,
			);
			name = RefinementCalculatorTests;
			productName = RefinementCalculatorTests;
			productReference = 653E3D932B0A7D9500B6EC72 /* RefinementCalculatorTests.xctest */;
			productType = "com.apple.product-type.bundle.unit-test";
		};
		653E3D9C2B0A7D9500B6EC72 /* RefinementCalculatorUITests */ = {
			isa = PBXNativeTarget;
			buildConfigurationList = 653E3DAD2B0A7D9500B6EC72 /* Build configuration list for PBXNativeTarget "RefinementCalculatorUITests" */;
			buildPhases = (
				AB99622CE230451D13669CD6 /* [CP] Check Pods Manifest.lock */,
				653E3D992B0A7D9500B6EC72 /* Sources */,
				653E3D9A2B0A7D9500B6EC72 /* Frameworks */,
				653E3D9B2B0A7D9500B6EC72 /* Resources */,
			);
			buildRules = (
			);
			dependencies = (
				653E3D9F2B0A7D9500B6EC72 /* PBXTargetDependency */,
			);
			name = RefinementCalculatorUITests;
			productName = RefinementCalculatorUITests;
			productReference = 653E3D9D2B0A7D9500B6EC72 /* RefinementCalculatorUITests.xctest */;
			productType = "com.apple.product-type.bundle.ui-testing";
		};
/* End PBXNativeTarget section */

/* Begin PBXProject section */
		653E3D752B0A7D9400B6EC72 /* Project object */ = {
			isa = PBXProject;
			attributes = {
				BuildIndependentTargetsInParallel = 1;
				LastSwiftUpdateCheck = 1430;
				LastUpgradeCheck = 1430;
				TargetAttributes = {
					653E3D7C2B0A7D9400B6EC72 = {
						CreatedOnToolsVersion = 14.3.1;
					};
					653E3D922B0A7D9500B6EC72 = {
						CreatedOnToolsVersion = 14.3.1;
						TestTargetID = 653E3D7C2B0A7D9400B6EC72;
					};
					653E3D9C2B0A7D9500B6EC72 = {
						CreatedOnToolsVersion = 14.3.1;
						TestTargetID = 653E3D7C2B0A7D9400B6EC72;
					};
				};
			};
			buildConfigurationList = 653E3D782B0A7D9400B6EC72 /* Build configuration list for PBXProject "RefinementCalculator" */;
			compatibilityVersion = "Xcode 14.0";
			developmentRegion = en;
			hasScannedForEncodings = 0;
			knownRegions = (
				en,
				Base,
			);
			mainGroup = 653E3D742B0A7D9400B6EC72;
			productRefGroup = 653E3D7E2B0A7D9400B6EC72 /* Products */;
			projectDirPath = "";
			projectRoot = "";
			targets = (
				653E3D7C2B0A7D9400B6EC72 /* RefinementCalculator */,
				653E3D922B0A7D9500B6EC72 /* RefinementCalculatorTests */,
				653E3D9C2B0A7D9500B6EC72 /* RefinementCalculatorUITests */,
			);
		};
/* End PBXProject section */

/* Begin PBXResourcesBuildPhase section */
		653E3D7B2B0A7D9400B6EC72 /* Resources */ = {
			isa = PBXResourcesBuildPhase;
			buildActionMask = 2147483647;
			files = (
				653E3D8D2B0A7D9500B6EC72 /* LaunchScreen.storyboard in Resources */,
				653E3D8A2B0A7D9500B6EC72 /* Assets.xcassets in Resources */,
				653E3D882B0A7D9400B6EC72 /* Main.storyboard in Resources */,
			);
			runOnlyForDeploymentPostprocessing = 0;
		};
		653E3D912B0A7D9500B6EC72 /* Resources */ = {
			isa = PBXResourcesBuildPhase;
			buildActionMask = 2147483647;
			files = (
			);
			runOnlyForDeploymentPostprocessing = 0;
		};
		653E3D9B2B0A7D9500B6EC72 /* Resources */ = {
			isa = PBXResourcesBuildPhase;
			buildActionMask = 2147483647;
			files = (
			);
			runOnlyForDeploymentPostprocessing = 0;
		};
/* End PBXResourcesBuildPhase section */

/* Begin PBXShellScriptBuildPhase section */
		5D94556A1E8008B94CB1F103 /* [CP] Check Pods Manifest.lock */ = {
			isa = PBXShellScriptBuildPhase;
			buildActionMask = 2147483647;
			files = (
			);
			inputFileListPaths = (
			);
			inputPaths = (
				"${PODS_PODFILE_DIR_PATH}/Podfile.lock",
				"${PODS_ROOT}/Manifest.lock",
			);
			name = "[CP] Check Pods Manifest.lock";
			outputFileListPaths = (
			);
			outputPaths = (
				"$(DERIVED_FILE_DIR)/Pods-RefinementCalculatorTests-checkManifestLockResult.txt",
			);
			runOnlyForDeploymentPostprocessing = 0;
			shellPath = /bin/sh;
			shellScript = "diff \"${PODS_PODFILE_DIR_PATH}/Podfile.lock\" \"${PODS_ROOT}/Manifest.lock\" > /dev/null\nif [ $? != 0 ] ; then\n    # print error to STDERR\n    echo \"error: The sandbox is not in sync with the Podfile.lock. Run 'pod install' or update your CocoaPods installation.\" >&2\n    exit 1\nfi\n# This output is used by Xcode 'outputs' to avoid re-running this script phase.\necho \"SUCCESS\" > \"${SCRIPT_OUTPUT_FILE_0}\"\n";
			showEnvVarsInLog = 0;
		};
		94595C266D7B496AC75D8DFF /* [CP] Check Pods Manifest.lock */ = {
			isa = PBXShellScriptBuildPhase;
			buildActionMask = 2147483647;
			files = (
			);
			inputFileListPaths = (
			);
			inputPaths = (
				"${PODS_PODFILE_DIR_PATH}/Podfile.lock",
				"${PODS_ROOT}/Manifest.lock",
			);
			name = "[CP] Check Pods Manifest.lock";
			outputFileListPaths = (
			);
			outputPaths = (
				"$(DERIVED_FILE_DIR)/Pods-RefinementCalculator-checkManifestLockResult.txt",
			);
			runOnlyForDeploymentPostprocessing = 0;
			shellPath = /bin/sh;
			shellScript = "diff \"${PODS_PODFILE_DIR_PATH}/Podfile.lock\" \"${PODS_ROOT}/Manifest.lock\" > /dev/null\nif [ $? != 0 ] ; then\n    # print error to STDERR\n    echo \"error: The sandbox is not in sync with the Podfile.lock. Run 'pod install' or update your CocoaPods installation.\" >&2\n    exit 1\nfi\n# This output is used by Xcode 'outputs' to avoid re-running this script phase.\necho \"SUCCESS\" > \"${SCRIPT_OUTPUT_FILE_0}\"\n";
			showEnvVarsInLog = 0;
		};
		AB99622CE230451D13669CD6 /* [CP] Check Pods Manifest.lock */ = {
			isa = PBXShellScriptBuildPhase;
			buildActionMask = 2147483647;
			files = (
			);
			inputFileListPaths = (
			);
			inputPaths = (
				"${PODS_PODFILE_DIR_PATH}/Podfile.lock",
				"${PODS_ROOT}/Manifest.lock",
			);
			name = "[CP] Check Pods Manifest.lock";
			outputFileListPaths = (
			);
			outputPaths = (
				"$(DERIVED_FILE_DIR)/Pods-RefinementCalculator-RefinementCalculatorUITests-checkManifestLockResult.txt",
			);
			runOnlyForDeploymentPostprocessing = 0;
			shellPath = /bin/sh;
			shellScript = "diff \"${PODS_PODFILE_DIR_PATH}/Podfile.lock\" \"${PODS_ROOT}/Manifest.lock\" > /dev/null\nif [ $? != 0 ] ; then\n    # print error to STDERR\n    echo \"error: The sandbox is not in sync with the Podfile.lock. Run 'pod install' or update your CocoaPods installation.\" >&2\n    exit 1\nfi\n# This output is used by Xcode 'outputs' to avoid re-running this script phase.\necho \"SUCCESS\" > \"${SCRIPT_OUTPUT_FILE_0}\"\n";
			showEnvVarsInLog = 0;
		};
/* End PBXShellScriptBuildPhase section */

/* Begin PBXSourcesBuildPhase section */
		653E3D792B0A7D9400B6EC72 /* Sources */ = {
			isa = PBXSourcesBuildPhase;
			buildActionMask = 2147483647;
			files = (
				653E3D852B0A7D9400B6EC72 /* ViewController.swift in Sources */,
				653E3D812B0A7D9400B6EC72 /* AppDelegate.swift in Sources */,
				653E3D832B0A7D9400B6EC72 /* SceneDelegate.swift in Sources */,
			);
			runOnlyForDeploymentPostprocessing = 0;
		};
		653E3D8F2B0A7D9500B6EC72 /* Sources */ = {
			isa = PBXSourcesBuildPhase;
			buildActionMask = 2147483647;
			files = (
				653E3D982B0A7D9500B6EC72 /* RefinementCalculatorTests.swift in Sources */,
			);
			runOnlyForDeploymentPostprocessing = 0;
		};
		653E3D992B0A7D9500B6EC72 /* Sources */ = {
			isa = PBXSourcesBuildPhase;
			buildActionMask = 2147483647;
			files = (
				653E3DA22B0A7D9500B6EC72 /* RefinementCalculatorUITests.swift in Sources */,
				653E3DA42B0A7D9500B6EC72 /* RefinementCalculatorUITestsLaunchTests.swift in Sources */,
			);
			runOnlyForDeploymentPostprocessing = 0;
		};
/* End PBXSourcesBuildPhase section */

/* Begin PBXTargetDependency section */
		653E3D952B0A7D9500B6EC72 /* PBXTargetDependency */ = {
			isa = PBXTargetDependency;
			target = 653E3D7C2B0A7D9400B6EC72 /* RefinementCalculator */;
			targetProxy = 653E3D942B0A7D9500B6EC72 /* PBXContainerItemProxy */;
		};
		653E3D9F2B0A7D9500B6EC72 /* PBXTargetDependency */ = {
			isa = PBXTargetDependency;
			target = 653E3D7C2B0A7D9400B6EC72 /* RefinementCalculator */;
			targetProxy = 653E3D9E2B0A7D9500B6EC72 /* PBXContainerItemProxy */;
		};
/* End PBXTargetDependency section */

/* Begin PBXVariantGroup section */
		653E3D862B0A7D9400B6EC72 /* Main.storyboard */ = {
			isa = PBXVariantGroup;
			children = (
				653E3D872B0A7D9400B6EC72 /* Base */,
			);
			name = Main.storyboard;
			sourceTree = "<group>";
		};
		653E3D8B2B0A7D9500B6EC72 /* LaunchScreen.storyboard */ = {
			isa = PBXVariantGroup;
			children = (
				653E3D8C2B0A7D9500B6EC72 /* Base */,
			);
			name = LaunchScreen.storyboard;
			sourceTree = "<group>";
		};
/* End PBXVariantGroup section */

/* Begin XCBuildConfiguration section */
		653E3DA52B0A7D9500B6EC72 /* Debug */ = {
			isa = XCBuildConfiguration;
			buildSettings = {
				ALWAYS_SEARCH_USER_PATHS = NO;
				CLANG_ANALYZER_NONNULL = YES;
				CLANG_ANALYZER_NUMBER_OBJECT_CONVERSION = YES_AGGRESSIVE;
				CLANG_CXX_LANGUAGE_STANDARD = "gnu++20";
				CLANG_ENABLE_MODULES = YES;
				CLANG_ENABLE_OBJC_ARC = YES;
				CLANG_ENABLE_OBJC_WEAK = YES;
				CLANG_WARN_BLOCK_CAPTURE_AUTORELEASING = YES;
				CLANG_WARN_BOOL_CONVERSION = YES;
				CLANG_WARN_COMMA = YES;
				CLANG_WARN_CONSTANT_CONVERSION = YES;
				CLANG_WARN_DEPRECATED_OBJC_IMPLEMENTATIONS = YES;
				CLANG_WARN_DIRECT_OBJC_ISA_USAGE = YES_ERROR;
				CLANG_WARN_DOCUMENTATION_COMMENTS = YES;
				CLANG_WARN_EMPTY_BODY = YES;
				CLANG_WARN_ENUM_CONVERSION = YES;
				CLANG_WARN_INFINITE_RECURSION = YES;
				CLANG_WARN_INT_CONVERSION = YES;
				CLANG_WARN_NON_LITERAL_NULL_CONVERSION = YES;
				CLANG_WARN_OBJC_IMPLICIT_RETAIN_SELF = YES;
				CLANG_WARN_OBJC_LITERAL_CONVERSION = YES;
				CLANG_WARN_OBJC_ROOT_CLASS = YES_ERROR;
				CLANG_WARN_QUOTED_INCLUDE_IN_FRAMEWORK_HEADER = YES;
				CLANG_WARN_RANGE_LOOP_ANALYSIS = YES;
				CLANG_WARN_STRICT_PROTOTYPES = YES;
				CLANG_WARN_SUSPICIOUS_MOVE = YES;
				CLANG_WARN_UNGUARDED_AVAILABILITY = YES_AGGRESSIVE;
				CLANG_WARN_UNREACHABLE_CODE = YES;
				CLANG_WARN__DUPLICATE_METHOD_MATCH = YES;
				COPY_PHASE_STRIP = NO;
				DEBUG_INFORMATION_FORMAT = dwarf;
				ENABLE_STRICT_OBJC_MSGSEND = YES;
				ENABLE_TESTABILITY = YES;
				GCC_C_LANGUAGE_STANDARD = gnu11;
				GCC_DYNAMIC_NO_PIC = NO;
				GCC_NO_COMMON_BLOCKS = YES;
				GCC_OPTIMIZATION_LEVEL = 0;
				GCC_PREPROCESSOR_DEFINITIONS = (
					"DEBUG=1",
					"$(inherited)",
				);
				GCC_WARN_64_TO_32_BIT_CONVERSION = YES;
				GCC_WARN_ABOUT_RETURN_TYPE = YES_ERROR;
				GCC_WARN_UNDECLARED_SELECTOR = YES;
				GCC_WARN_UNINITIALIZED_AUTOS = YES_AGGRESSIVE;
				GCC_WARN_UNUSED_FUNCTION = YES;
				GCC_WARN_UNUSED_VARIABLE = YES;
				IPHONEOS_DEPLOYMENT_TARGET = 16.4;
				MTL_ENABLE_DEBUG_INFO = INCLUDE_SOURCE;
				MTL_FAST_MATH = YES;
				ONLY_ACTIVE_ARCH = YES;
				SDKROOT = iphoneos;
				SWIFT_ACTIVE_COMPILATION_CONDITIONS = DEBUG;
				SWIFT_OPTIMIZATION_LEVEL = "-Onone";
			};
			name = Debug;
		};
		653E3DA62B0A7D9500B6EC72 /* Release */ = {
			isa = XCBuildConfiguration;
			buildSettings = {
				ALWAYS_SEARCH_USER_PATHS = NO;
				CLANG_ANALYZER_NONNULL = YES;
				CLANG_ANALYZER_NUMBER_OBJECT_CONVERSION = YES_AGGRESSIVE;
				CLANG_CXX_LANGUAGE_STANDARD = "gnu++20";
				CLANG_ENABLE_MODULES = YES;
				CLANG_ENABLE_OBJC_ARC = YES;
				CLANG_ENABLE_OBJC_WEAK = YES;
				CLANG_WARN_BLOCK_CAPTURE_AUTORELEASING = YES;
				CLANG_WARN_BOOL_CONVERSION = YES;
				CLANG_WARN_COMMA = YES;
				CLANG_WARN_CONSTANT_CONVERSION = YES;
				CLANG_WARN_DEPRECATED_OBJC_IMPLEMENTATIONS = YES;
				CLANG_WARN_DIRECT_OBJC_ISA_USAGE = YES_ERROR;
				CLANG_WARN_DOCUMENTATION_COMMENTS = YES;
				CLANG_WARN_EMPTY_BODY = YES;
				CLANG_WARN_ENUM_CONVERSION = YES;
				CLANG_WARN_INFINITE_RECURSION = YES;
				CLANG_WARN_INT_CONVERSION = YES;
				CLANG_WARN_NON_LITERAL_NULL_CONVERSION = YES;
				CLANG_WARN_OBJC_IMPLICIT_RETAIN_SELF = YES;
				CLANG_WARN_OBJC_LITERAL_CONVERSION = YES;
				CLANG_WARN_OBJC_ROOT_CLASS = YES_ERROR;
				CLANG_WARN_QUOTED_INCLUDE_IN_FRAMEWORK_HEADER = YES;
				CLANG_WARN_RANGE_LOOP_ANALYSIS = YES;
				CLANG_WARN_STRICT_PROTOTYPES = YES;
				CLANG_WARN_SUSPICIOUS_MOVE = YES;
				CLANG_WARN_UNGUARDED_AVAILABILITY = YES_AGGRESSIVE;
				CLANG_WARN_UNREACHABLE_CODE = YES;
				CLANG_WARN__DUPLICATE_METHOD_MATCH = YES;
				COPY_PHASE_STRIP = NO;
				DEBUG_INFORMATION_FORMAT = "dwarf-with-dsym";
				ENABLE_NS_ASSERTIONS = NO;
				ENABLE_STRICT_OBJC_MSGSEND = YES;
				GCC_C_LANGUAGE_STANDARD = gnu11;
				GCC_NO_COMMON_BLOCKS = YES;
				GCC_WARN_64_TO_32_BIT_CONVERSION = YES;
				GCC_WARN_ABOUT_RETURN_TYPE = YES_ERROR;
				GCC_WARN_UNDECLARED_SELECTOR = YES;
				GCC_WARN_UNINITIALIZED_AUTOS = YES_AGGRESSIVE;
				GCC_WARN_UNUSED_FUNCTION = YES;
				GCC_WARN_UNUSED_VARIABLE = YES;
				IPHONEOS_DEPLOYMENT_TARGET = 16.4;
				MTL_ENABLE_DEBUG_INFO = NO;
				MTL_FAST_MATH = YES;
				SDKROOT = iphoneos;
				SWIFT_COMPILATION_MODE = wholemodule;
				SWIFT_OPTIMIZATION_LEVEL = "-O";
				VALIDATE_PRODUCT = YES;
			};
			name = Release;
		};
		653E3DA82B0A7D9500B6EC72 /* Debug */ = {
			isa = XCBuildConfiguration;
			baseConfigurationReference = 78B787A297E5ECCB38953068 /* Pods-RefinementCalculator.debug.xcconfig */;
			buildSettings = {
				ASSETCATALOG_COMPILER_APPICON_NAME = AppIcon;
				ASSETCATALOG_COMPILER_GLOBAL_ACCENT_COLOR_NAME = AccentColor;
				CODE_SIGN_STYLE = Automatic;
				CURRENT_PROJECT_VERSION = 1;
				DEVELOPMENT_TEAM = TC3ED22LSV;
				GENERATE_INFOPLIST_FILE = YES;
				INFOPLIST_FILE = RefinementCalculator/Info.plist;
				INFOPLIST_KEY_UIApplicationSupportsIndirectInputEvents = YES;
				INFOPLIST_KEY_UILaunchStoryboardName = LaunchScreen;
				INFOPLIST_KEY_UIMainStoryboardFile = Main;
				INFOPLIST_KEY_UISupportedInterfaceOrientations_iPad = "UIInterfaceOrientationPortrait UIInterfaceOrientationPortraitUpsideDown UIInterfaceOrientationLandscapeLeft UIInterfaceOrientationLandscapeRight";
				INFOPLIST_KEY_UISupportedInterfaceOrientations_iPhone = "UIInterfaceOrientationPortrait UIInterfaceOrientationLandscapeLeft UIInterfaceOrientationLandscapeRight";
				LD_RUNPATH_SEARCH_PATHS = (
					"$(inherited)",
					"@executable_path/Frameworks",
				);
				MARKETING_VERSION = 1.0;
				PRODUCT_BUNDLE_IDENTIFIER = com.sarath.RefinementCalculator;
				PRODUCT_NAME = "$(TARGET_NAME)";
				SWIFT_EMIT_LOC_STRINGS = YES;
				SWIFT_VERSION = 5.0;
				TARGETED_DEVICE_FAMILY = "1,2";
			};
			name = Debug;
		};
		653E3DA92B0A7D9500B6EC72 /* Release */ = {
			isa = XCBuildConfiguration;
			baseConfigurationReference = 63AF655EF40CC45AAE878A28 /* Pods-RefinementCalculator.release.xcconfig */;
			buildSettings = {
				ASSETCATALOG_COMPILER_APPICON_NAME = AppIcon;
				ASSETCATALOG_COMPILER_GLOBAL_ACCENT_COLOR_NAME = AccentColor;
				CODE_SIGN_STYLE = Automatic;
				CURRENT_PROJECT_VERSION = 1;
				DEVELOPMENT_TEAM = TC3ED22LSV;
				GENERATE_INFOPLIST_FILE = YES;
				INFOPLIST_FILE = RefinementCalculator/Info.plist;
				INFOPLIST_KEY_UIApplicationSupportsIndirectInputEvents = YES;
				INFOPLIST_KEY_UILaunchStoryboardName = LaunchScreen;
				INFOPLIST_KEY_UIMainStoryboardFile = Main;
				INFOPLIST_KEY_UISupportedInterfaceOrientations_iPad = "UIInterfaceOrientationPortrait UIInterfaceOrientationPortraitUpsideDown UIInterfaceOrientationLandscapeLeft UIInterfaceOrientationLandscapeRight";
				INFOPLIST_KEY_UISupportedInterfaceOrientations_iPhone = "UIInterfaceOrientationPortrait UIInterfaceOrientationLandscapeLeft UIInterfaceOrientationLandscapeRight";
				LD_RUNPATH_SEARCH_PATHS = (
					"$(inherited)",
					"@executable_path/Frameworks",
				);
				MARKETING_VERSION = 1.0;
				PRODUCT_BUNDLE_IDENTIFIER = com.sarath.RefinementCalculator;
				PRODUCT_NAME = "$(TARGET_NAME)";
				SWIFT_EMIT_LOC_STRINGS = YES;
				SWIFT_VERSION = 5.0;
				TARGETED_DEVICE_FAMILY = "1,2";
			};
			name = Release;
		};
		653E3DAB2B0A7D9500B6EC72 /* Debug */ = {
			isa = XCBuildConfiguration;
			baseConfigurationReference = FB503676A16737C17AE2AE90 /* Pods-RefinementCalculatorTests.debug.xcconfig */;
			buildSettings = {
				ALWAYS_EMBED_SWIFT_STANDARD_LIBRARIES = YES;
				BUNDLE_LOADER = "$(TEST_HOST)";
				CODE_SIGN_STYLE = Automatic;
				CURRENT_PROJECT_VERSION = 1;
				DEVELOPMENT_TEAM = TC3ED22LSV;
				GENERATE_INFOPLIST_FILE = YES;
				IPHONEOS_DEPLOYMENT_TARGET = 16.4;
				MARKETING_VERSION = 1.0;
				PRODUCT_BUNDLE_IDENTIFIER = com.sarath.RefinementCalculatorTests;
				PRODUCT_NAME = "$(TARGET_NAME)";
				SWIFT_EMIT_LOC_STRINGS = NO;
				SWIFT_VERSION = 5.0;
				TARGETED_DEVICE_FAMILY = "1,2";
				TEST_HOST = "$(BUILT_PRODUCTS_DIR)/RefinementCalculator.app/$(BUNDLE_EXECUTABLE_FOLDER_PATH)/RefinementCalculator";
			};
			name = Debug;
		};
		653E3DAC2B0A7D9500B6EC72 /* Release */ = {
			isa = XCBuildConfiguration;
			baseConfigurationReference = 24AD5C97EBB7E10AA2A97BD5 /* Pods-RefinementCalculatorTests.release.xcconfig */;
			buildSettings = {
				ALWAYS_EMBED_SWIFT_STANDARD_LIBRARIES = YES;
				BUNDLE_LOADER = "$(TEST_HOST)";
				CODE_SIGN_STYLE = Automatic;
				CURRENT_PROJECT_VERSION = 1;
				DEVELOPMENT_TEAM = TC3ED22LSV;
				GENERATE_INFOPLIST_FILE = YES;
				IPHONEOS_DEPLOYMENT_TARGET = 16.4;
				MARKETING_VERSION = 1.0;
				PRODUCT_BUNDLE_IDENTIFIER = com.sarath.RefinementCalculatorTests;
				PRODUCT_NAME = "$(TARGET_NAME)";
				SWIFT_EMIT_LOC_STRINGS = NO;
				SWIFT_VERSION = 5.0;
				TARGETED_DEVICE_FAMILY = "1,2";
				TEST_HOST = "$(BUILT_PRODUCTS_DIR)/RefinementCalculator.app/$(BUNDLE_EXECUTABLE_FOLDER_PATH)/RefinementCalculator";
			};
			name = Release;
		};
		653E3DAE2B0A7D9500B6EC72 /* Debug */ = {
			isa = XCBuildConfiguration;
			baseConfigurationReference = 3E191D9FE5DFC5D2A8F5C38F /* Pods-RefinementCalculator-RefinementCalculatorUITests.debug.xcconfig */;
			buildSettings = {
				ALWAYS_EMBED_SWIFT_STANDARD_LIBRARIES = YES;
				CODE_SIGN_STYLE = Automatic;
				CURRENT_PROJECT_VERSION = 1;
				DEVELOPMENT_TEAM = TC3ED22LSV;
				GENERATE_INFOPLIST_FILE = YES;
				MARKETING_VERSION = 1.0;
				PRODUCT_BUNDLE_IDENTIFIER = com.sarath.RefinementCalculatorUITests;
				PRODUCT_NAME = "$(TARGET_NAME)";
				SWIFT_EMIT_LOC_STRINGS = NO;
				SWIFT_VERSION = 5.0;
				TARGETED_DEVICE_FAMILY = "1,2";
				TEST_TARGET_NAME = RefinementCalculator;
			};
			name = Debug;
		};
		653E3DAF2B0A7D9500B6EC72 /* Release */ = {
			isa = XCBuildConfiguration;
			baseConfigurationReference = 53A9E5BAB4772151DEDA4CE2 /* Pods-RefinementCalculator-RefinementCalculatorUITests.release.xcconfig */;
			buildSettings = {
				ALWAYS_EMBED_SWIFT_STANDARD_LIBRARIES = YES;
				CODE_SIGN_STYLE = Automatic;
				CURRENT_PROJECT_VERSION = 1;
				DEVELOPMENT_TEAM = TC3ED22LSV;
				GENERATE_INFOPLIST_FILE = YES;
				MARKETING_VERSION = 1.0;
				PRODUCT_BUNDLE_IDENTIFIER = com.sarath.RefinementCalculatorUITests;
				PRODUCT_NAME = "$(TARGET_NAME)";
				SWIFT_EMIT_LOC_STRINGS = NO;
				SWIFT_VERSION = 5.0;
				TARGETED_DEVICE_FAMILY = "1,2";
				TEST_TARGET_NAME = RefinementCalculator;
			};
			name = Release;
		};
/* End XCBuildConfiguration section */

/* Begin XCConfigurationList section */
		653E3D782B0A7D9400B6EC72 /* Build configuration list for PBXProject "RefinementCalculator" */ = {
			isa = XCConfigurationList;
			buildConfigurations = (
				653E3DA52B0A7D9500B6EC72 /* Debug */,
				653E3DA62B0A7D9500B6EC72 /* Release */,
			);
			defaultConfigurationIsVisible = 0;
			defaultConfigurationName = Release;
		};
		653E3DA72B0A7D9500B6EC72 /* Build configuration list for PBXNativeTarget "RefinementCalculator" */ = {
			isa = XCConfigurationList;
			buildConfigurations = (
				653E3DA82B0A7D9500B6EC72 /* Debug */,
				653E3DA92B0A7D9500B6EC72 /* Release */,
			);
			defaultConfigurationIsVisible = 0;
			defaultConfigurationName = Release;
		};
		653E3DAA2B0A7D9500B6EC72 /* Build configuration list for PBXNativeTarget "RefinementCalculatorTests" */ = {
			isa = XCConfigurationList;
			buildConfigurations = (
				653E3DAB2B0A7D9500B6EC72 /* Debug */,
				653E3DAC2B0A7D9500B6EC72 /* Release */,
			);
			defaultConfigurationIsVisible = 0;
			defaultConfigurationName = Release;
		};
		653E3DAD2B0A7D9500B6EC72 /* Build configuration list for PBXNativeTarget "RefinementCalculatorUITests" */ = {
			isa = XCConfigurationList;
			buildConfigurations = (
				653E3DAE2B0A7D9500B6EC72 /* Debug */,
				653E3DAF2B0A7D9500B6EC72 /* Release */,
			);
			defaultConfigurationIsVisible = 0;
			defaultConfigurationName = Release;
		};
/* End XCConfigurationList section */
	};
	rootObject = 653E3D752B0A7D9400B6EC72 /* Project object */;
}
